
Microsoft Visual Studio Solution File, Format Version 12.00
Project("{FAE04EC0-301F-11D3-BF4B-00C04F79EFBC}") = "IsRarOrZip", "IsRarOrZip\IsRarOrZip.csproj", "{2FB26CD7-2D24-47DC-9AA8-703E3F033C7C}"
EndProject
Global
	GlobalSection(SolutionConfigurationPlatforms) = preSolution
		Debug|Any CPU = Debug|Any CPU
		Release|Any CPU = Release|Any CPU
	EndGlobalSection
	GlobalSection(ProjectConfigurationPlatforms) = postSolution
		{2FB26CD7-2D24-47DC-9AA8-703E3F033C7C}.Debug|Any CPU.ActiveCfg = Debug|Any CPU
		{2FB26CD7-2D24-47DC-9AA8-703E3F033C7C}.Debug|Any CPU.Build.0 = Debug|Any CPU
		{2FB26CD7-2D24-47DC-9AA8-703E3F033C7C}.Release|Any CPU.ActiveCfg = Release|Any CPU
		{2FB26CD7-2D24-47DC-9AA8-703E3F033C7C}.Release|Any CPU.Build.0 = Release|Any CPU
	EndGlobalSection
EndGlobal
